
Microsoft Visual Studio Solution File, Format Version 12.00
# Visual Studio Version 17
VisualStudioVersion = 17.10.35122.118
MinimumVisualStudioVersion = 10.0.40219.1
Project("{FAE04EC0-301F-11D3-BF4B-00C04F79EFBC}") = "Z1052", "Z1052.csproj", "{EE78A379-4C1C-4799-BA36-33D8E91C4E29}"
EndProject
Global
	GlobalSection(SolutionConfigurationPlatforms) = preSolution
		Debug|Any CPU = Debug|Any CPU
		Release|Any CPU = Release|Any CPU
	EndGlobalSection
	GlobalSection(ProjectConfigurationPlatforms) = postSolution
		{EE78A379-4C1C-4799-BA36-33D8E91C4E29}.Debug|Any CPU.ActiveCfg = Debug|Any CPU
		{EE78A379-4C1C-4799-BA36-33D8E91C4E29}.Debug|Any CPU.Build.0 = Debug|Any CPU
		{EE78A379-4C1C-4799-BA36-33D8E91C4E29}.Release|Any CPU.ActiveCfg = Release|Any CPU
		{EE78A379-4C1C-4799-BA36-33D8E91C4E29}.Release|Any CPU.Build.0 = Release|Any CPU
	EndGlobalSection
	GlobalSection(SolutionProperties) = preSolution
		HideSolutionNode = FALSE
	EndGlobalSection
	GlobalSection(ExtensibilityGlobals) = postSolution
		SolutionGuid = {D6A34309-988D-4893-89D1-96807227516A}
	EndGlobalSection
EndGlobal
